PODS:
  - OneTrust-CMP-tvOS-XCFramework (202209.2.0.0)

DEPENDENCIES:
  - OneTrust-CMP-tvOS-XCFramework (~> 202209.2.0.0)

SPEC REPOS:
  trunk:
    - OneTrust-CMP-tvOS-XCFramework

SPEC CHECKSUMS:
  OneTrust-CMP-tvOS-XCFramework: a45d07b1ab17f40cf2905bdab59d32bfadf02929

PODFILE CHECKSUM: be7eb4d315c25058e7fa2437076e49d114929139

COCOAPODS: 1.11.2
